
Microsoft Visual Studio Solution File, Format Version 12.00
# Visual Studio Version 17
VisualStudioVersion = 17.14.36518.9 d17.14
MinimumVisualStudioVersion = 10.0.40219.1
Project("{FAE04EC0-301F-11D3-BF4B-00C04F79EFBC}") = "20-Ejercicio Consecioanaria", "20-Ejercicio Consecioanaria\20-Ejercicio Consecioanaria.csproj", "{F290089D-28B0-4A4B-B974-B6C89F200F66}"
EndProject
Global
	GlobalSection(SolutionConfigurationPlatforms) = preSolution
		Debug|Any CPU = Debug|Any CPU
		Release|Any CPU = Release|Any CPU
	EndGlobalSection
	GlobalSection(ProjectConfigurationPlatforms) = postSolution
		{F290089D-28B0-4A4B-B974-B6C89F200F66}.Debug|Any CPU.ActiveCfg = Debug|Any CPU
		{F290089D-28B0-4A4B-B974-B6C89F200F66}.Debug|Any CPU.Build.0 = Debug|Any CPU
		{F290089D-28B0-4A4B-B974-B6C89F200F66}.Release|Any CPU.ActiveCfg = Release|Any CPU
		{F290089D-28B0-4A4B-B974-B6C89F200F66}.Release|Any CPU.Build.0 = Release|Any CPU
	EndGlobalSection
	GlobalSection(SolutionProperties) = preSolution
		HideSolutionNode = FALSE
	EndGlobalSection
	GlobalSection(ExtensibilityGlobals) = postSolution
		SolutionGuid = {A8E52C67-D157-42AE-9DDD-8325E878ADD1}
	EndGlobalSection
EndGlobal
